
Microsoft Visual Studio Solution File, Format Version 12.00
# Visual Studio Version 17
VisualStudioVersion = 17.3.32825.248
MinimumVisualStudioVersion = 10.0.40219.1
Project("{FAE04EC0-301F-11D3-BF4B-00C04F79EFBC}") = "Notfallcoaching-Buechi-App", "Notfallcoaching-Buechi-App\Notfallcoaching-Buechi-App.csproj", "{0835C7E9-3B2E-477E-807F-E559FC7613A4}"
EndProject
Global
	GlobalSection(SolutionConfigurationPlatforms) = preSolution
		Debug|Any CPU = Debug|Any CPU
		Release|Any CPU = Release|Any CPU
	EndGlobalSection
	GlobalSection(ProjectConfigurationPlatforms) = postSolution
		{0835C7E9-3B2E-477E-807F-E559FC7613A4}.Debug|Any CPU.ActiveCfg = Debug|Any CPU
		{0835C7E9-3B2E-477E-807F-E559FC7613A4}.Debug|Any CPU.Build.0 = Debug|Any CPU
		{0835C7E9-3B2E-477E-807F-E559FC7613A4}.Release|Any CPU.ActiveCfg = Release|Any CPU
		{0835C7E9-3B2E-477E-807F-E559FC7613A4}.Release|Any CPU.Build.0 = Release|Any CPU
	EndGlobalSection
	GlobalSection(SolutionProperties) = preSolution
		HideSolutionNode = FALSE
	EndGlobalSection
	GlobalSection(ExtensibilityGlobals) = postSolution
		SolutionGuid = {3E36C425-031D-4D57-BA8A-2ECF6346564D}
	EndGlobalSection
EndGlobal
